
Microsoft Visual Studio Solution File, Format Version 12.00
# Visual Studio Version 17
VisualStudioVersion = 17.0.31903.59
MinimumVisualStudioVersion = 10.0.40219.1
Project("{2150E333-8FDC-42A3-9474-1A3956D46DE8}") = "src", "src", "{827E0CD3-B72D-47B6-A68D-7590B98EB39B}"
EndProject
Project("{FAE04EC0-301F-11D3-BF4B-00C04F79EFBC}") = "AgentFrameworkQuickStart", "src\AgentFrameworkQuickStart\AgentFrameworkQuickStart.csproj", "{71140C41-9A8D-41E1-BA63-DD4AB1560FB5}"
EndProject
Project("{E53339B2-1760-4266-BCC7-CA923CBCF16C}") = "docker-compose", "docker-compose.dcproj", "{81DDED9D-158B-E303-5F62-77A2896D2A5A}"
EndProject
Project("{FAE04EC0-301F-11D3-BF4B-00C04F79EFBC}") = "SharedKernel", "src\SharedKernel\SharedKernel.csproj", "{B8F1D257-6942-4D33-BBFA-0EACA399EA97}"
EndProject
Project("{2150E333-8FDC-42A3-9474-1A3956D46DE8}") = "tests", "tests", "{0AB3BF05-4346-4AA6-1389-037BE0695223}"
EndProject
Project("{FAE04EC0-301F-11D3-BF4B-00C04F79EFBC}") = "SharedKernel.Tests", "tests\SharedKernel.Tests\SharedKernel.Tests.csproj", "{EFC31349-CEB3-4B1C-8547-99BB7F1B3D1E}"
EndProject
Global
	GlobalSection(SolutionConfigurationPlatforms) = preSolution
		Debug|Any CPU = Debug|Any CPU
		Debug|x64 = Debug|x64
		Debug|x86 = Debug|x86
		Release|Any CPU = Release|Any CPU
		Release|x64 = Release|x64
		Release|x86 = Release|x86
	EndGlobalSection
	GlobalSection(ProjectConfigurationPlatforms) = postSolution
		{71140C41-9A8D-41E1-BA63-DD4AB1560FB5}.Debug|Any CPU.ActiveCfg = Debug|Any CPU
		{71140C41-9A8D-41E1-BA63-DD4AB1560FB5}.Debug|Any CPU.Build.0 = Debug|Any CPU
		{71140C41-9A8D-41E1-BA63-DD4AB1560FB5}.Debug|x64.ActiveCfg = Debug|Any CPU
		{71140C41-9A8D-41E1-BA63-DD4AB1560FB5}.Debug|x64.Build.0 = Debug|Any CPU
		{71140C41-9A8D-41E1-BA63-DD4AB1560FB5}.Debug|x86.ActiveCfg = Debug|Any CPU
		{71140C41-9A8D-41E1-BA63-DD4AB1560FB5}.Debug|x86.Build.0 = Debug|Any CPU
		{71140C41-9A8D-41E1-BA63-DD4AB1560FB5}.Release|Any CPU.ActiveCfg = Release|Any CPU
		{71140C41-9A8D-41E1-BA63-DD4AB1560FB5}.Release|Any CPU.Build.0 = Release|Any CPU
		{71140C41-9A8D-41E1-BA63-DD4AB1560FB5}.Release|x64.ActiveCfg = Release|Any CPU
		{71140C41-9A8D-41E1-BA63-DD4AB1560FB5}.Release|x64.Build.0 = Release|Any CPU
		{71140C41-9A8D-41E1-BA63-DD4AB1560FB5}.Release|x86.ActiveCfg = Release|Any CPU
		{71140C41-9A8D-41E1-BA63-DD4AB1560FB5}.Release|x86.Build.0 = Release|Any CPU
		{B8F1D257-6942-4D33-BBFA-0EACA399EA97}.Debug|Any CPU.ActiveCfg = Debug|Any CPU
		{B8F1D257-6942-4D33-BBFA-0EACA399EA97}.Debug|Any CPU.Build.0 = Debug|Any CPU
		{B8F1D257-6942-4D33-BBFA-0EACA399EA97}.Debug|x64.ActiveCfg = Debug|Any CPU
		{B8F1D257-6942-4D33-BBFA-0EACA399EA97}.Debug|x64.Build.0 = Debug|Any CPU
		{B8F1D257-6942-4D33-BBFA-0EACA399EA97}.Debug|x86.ActiveCfg = Debug|Any CPU
		{B8F1D257-6942-4D33-BBFA-0EACA399EA97}.Debug|x86.Build.0 = Debug|Any CPU
		{B8F1D257-6942-4D33-BBFA-0EACA399EA97}.Release|Any CPU.ActiveCfg = Release|Any CPU
		{B8F1D257-6942-4D33-BBFA-0EACA399EA97}.Release|Any CPU.Build.0 = Release|Any CPU
		{B8F1D257-6942-4D33-BBFA-0EACA399EA97}.Release|x64.ActiveCfg = Release|Any CPU
		{B8F1D257-6942-4D33-BBFA-0EACA399EA97}.Release|x64.Build.0 = Release|Any CPU
		{B8F1D257-6942-4D33-BBFA-0EACA399EA97}.Release|x86.ActiveCfg = Release|Any CPU
		{B8F1D257-6942-4D33-BBFA-0EACA399EA97}.Release|x86.Build.0 = Release|Any CPU
		{EFC31349-CEB3-4B1C-8547-99BB7F1B3D1E}.Debug|Any CPU.ActiveCfg = Debug|Any CPU
		{EFC31349-CEB3-4B1C-8547-99BB7F1B3D1E}.Debug|Any CPU.Build.0 = Debug|Any CPU
		{EFC31349-CEB3-4B1C-8547-99BB7F1B3D1E}.Debug|x64.ActiveCfg = Debug|Any CPU
		{EFC31349-CEB3-4B1C-8547-99BB7F1B3D1E}.Debug|x64.Build.0 = Debug|Any CPU
		{EFC31349-CEB3-4B1C-8547-99BB7F1B3D1E}.Debug|x86.ActiveCfg = Debug|Any CPU
		{EFC31349-CEB3-4B1C-8547-99BB7F1B3D1E}.Debug|x86.Build.0 = Debug|Any CPU
		{EFC31349-CEB3-4B1C-8547-99BB7F1B3D1E}.Release|Any CPU.ActiveCfg = Release|Any CPU
		{EFC31349-CEB3-4B1C-8547-99BB7F1B3D1E}.Release|Any CPU.Build.0 = Release|Any CPU
		{EFC31349-CEB3-4B1C-8547-99BB7F1B3D1E}.Release|x64.ActiveCfg = Release|Any CPU
		{EFC31349-CEB3-4B1C-8547-99BB7F1B3D1E}.Release|x64.Build.0 = Release|Any CPU
		{EFC31349-CEB3-4B1C-8547-99BB7F1B3D1E}.Release|x86.ActiveCfg = Release|Any CPU
		{EFC31349-CEB3-4B1C-8547-99BB7F1B3D1E}.Release|x86.Build.0 = Release|Any CPU
	EndGlobalSection
	GlobalSection(SolutionProperties) = preSolution
		HideSolutionNode = FALSE
	EndGlobalSection
	GlobalSection(NestedProjects) = preSolution
		{71140C41-9A8D-41E1-BA63-DD4AB1560FB5} = {827E0CD3-B72D-47B6-A68D-7590B98EB39B}
		{B8F1D257-6942-4D33-BBFA-0EACA399EA97} = {827E0CD3-B72D-47B6-A68D-7590B98EB39B}
		{EFC31349-CEB3-4B1C-8547-99BB7F1B3D1E} = {0AB3BF05-4346-4AA6-1389-037BE0695223}
	EndGlobalSection
EndGlobal
